<?xml version="1.0" encoding="utf-8"?>
<Project ToolsVersion="4.0" xmlns="http://schemas.microsoft.com/developer/msbuild/2003">
  <ItemGroup>
    <Filter Include="Source Files">
      <UniqueIdentifier>{4FC737F1-C7A5-4376-A066-2A32D752A2FF}</UniqueIdentifier>
      <Extensions>cpp;c;cc;cxx;def;odl;idl;hpj;bat;asm;asmx</Extensions>
    </Filter>
    <Filter Include="Header Files">
      <UniqueIdentifier>{93995380-89BD-4b04-88EB-625FBE52EBFB}</UniqueIdentifier>
      <Extensions>h;hpp;hxx;hm;inl;inc;xsd</Extensions>
    </Filter>
    <Filter Include="Resource Files">
      <UniqueIdentifier>{67DA6AB6-F800-4c08-8B7A-83BB121AAD01}</UniqueIdentifier>
      <Extensions>rc;ico;cur;bmp;dlg;rc2;rct;bin;rgs;gif;jpg;jpeg;jpe;resx;tiff;tif;png;wav;mfcribbon-ms</Extensions>
    </Filter>
  </ItemGroup>
  <ItemGroup>
    <ClInclude Include="..\..\zvote.h">
      <Filter>Header Files</Filter>
    </ClInclude>
    <ClInclude Include="..\..\abird.h">
      <Filter>Header Files</Filter>
    </ClInclude>
    <ClInclude Include="..\..\ahutanimal.h">
      <Filter>Header Files</Filter>
    </ClInclude>
    <ClInclude Include="..\..\bbridge.h">
      <Filter>Header Files</Filter>
    </ClInclude>
    <ClInclude Include="..\..\bfort.h">
      <Filter>Header Files</Filter>
    </ClInclude>
    <ClInclude Include="..\..\bradar.h">
      <Filter>Header Files</Filter>
    </ClInclude>
    <ClInclude Include="..\..\brepair.h">
      <Filter>Header Files</Filter>
    </ClInclude>
    <ClInclude Include="..\..\brobot.h">
      <Filter>Header Files</Filter>
    </ClInclude>
    <ClInclude Include="..\..\bvehicle.h">
      <Filter>Header Files</Filter>
    </ClInclude>
    <ClInclude Include="..\..\cgatling.h">
      <Filter>Header Files</Filter>
    </ClInclude>
    <ClInclude Include="..\..\cgun.h">
      <Filter>Header Files</Filter>
    </ClInclude>
    <ClInclude Include="..\..\chowitzer.h">
      <Filter>Header Files</Filter>
    </ClInclude>
    <ClInclude Include="..\..\client_socket.h">
      <Filter>Header Files</Filter>
    </ClInclude>
    <ClInclude Include="..\..\cmissilecannon.h">
      <Filter>Header Files</Filter>
    </ClInclude>
    <ClInclude Include="..\..\common.h">
      <Filter>Header Files</Filter>
    </ClInclude>
    <ClInclude Include="..\..\constants.h">
      <Filter>Header Files</Filter>
    </ClInclude>
    <ClInclude Include="..\..\cursor.h">
      <Filter>Header Files</Filter>
    </ClInclude>
    <ClInclude Include="..\..\ebridgeturrent.h">
      <Filter>Header Files</Filter>
    </ClInclude>
    <ClInclude Include="..\..\ebullet.h">
      <Filter>Header Files</Filter>
    </ClInclude>
    <ClInclude Include="..\..\ecannondeath.h">
      <Filter>Header Files</Filter>
    </ClInclude>
    <ClInclude Include="..\..\ecraneconco.h">
      <Filter>Header Files</Filter>
    </ClInclude>
    <ClInclude Include="..\..\edeath.h">
      <Filter>Header Files</Filter>
    </ClInclude>
    <ClInclude Include="..\..\edeathsparks.h">
      <Filter>Header Files</Filter>
    </ClInclude>
    <ClInclude Include="..\..\eflame.h">
      <Filter>Header Files</Filter>
    </ClInclude>
    <ClInclude Include="..\..\elaser.h">
      <Filter>Header Files</Filter>
    </ClInclude>
    <ClInclude Include="..\..\elightinitfire.h">
      <Filter>Header Files</Filter>
    </ClInclude>
    <ClInclude Include="..\..\elightrocket.h">
      <Filter>Header Files</Filter>
    </ClInclude>
    <ClInclude Include="..\..\emapobjectturrent.h">
      <Filter>Header Files</Filter>
    </ClInclude>
    <ClInclude Include="..\..\emissilecrockets.h">
      <Filter>Header Files</Filter>
    </ClInclude>
    <ClInclude Include="..\..\emomissilerockets.h">
      <Filter>Header Files</Filter>
    </ClInclude>
    <ClInclude Include="..\..\epyrofire.h">
      <Filter>Header Files</Filter>
    </ClInclude>
    <ClInclude Include="..\..\erobotdeath.h">
      <Filter>Header Files</Filter>
    </ClInclude>
    <ClInclude Include="..\..\erobotturrent.h">
      <Filter>Header Files</Filter>
    </ClInclude>
    <ClInclude Include="..\..\erockparticle.h">
      <Filter>Header Files</Filter>
    </ClInclude>
    <ClInclude Include="..\..\erockturrent.h">
      <Filter>Header Files</Filter>
    </ClInclude>
    <ClInclude Include="..\..\esideexplosion.h">
      <Filter>Header Files</Filter>
    </ClInclude>
    <ClInclude Include="..\..\estandard.h">
      <Filter>Header Files</Filter>
    </ClInclude>
    <ClInclude Include="..\..\etankdirt.h">
      <Filter>Header Files</Filter>
    </ClInclude>
    <ClInclude Include="..\..\etankoil.h">
      <Filter>Header Files</Filter>
    </ClInclude>
    <ClInclude Include="..\..\etanksmoke.h">
      <Filter>Header Files</Filter>
    </ClInclude>
    <ClInclude Include="..\..\etankspark.h">
      <Filter>Header Files</Filter>
    </ClInclude>
    <ClInclude Include="..\..\etoughmushroom.h">
      <Filter>Header Files</Filter>
    </ClInclude>
    <ClInclude Include="..\..\etoughrocket.h">
      <Filter>Header Files</Filter>
    </ClInclude>
    <ClInclude Include="..\..\etoughsmoke.h">
      <Filter>Header Files</Filter>
    </ClInclude>
    <ClInclude Include="..\..\etrack.h">
      <Filter>Header Files</Filter>
    </ClInclude>
    <ClInclude Include="..\..\eturrentmissile.h">
      <Filter>Header Files</Filter>
    </ClInclude>
    <ClInclude Include="..\..\eunitparticle.h">
      <Filter>Header Files</Filter>
    </ClInclude>
    <ClInclude Include="..\..\event_handler.h">
      <Filter>Header Files</Filter>
    </ClInclude>
    <ClInclude Include="..\..\gmm_change_teams.h">
      <Filter>Header Files</Filter>
    </ClInclude>
    <ClInclude Include="..\..\gmm_main_menu.h">
      <Filter>Header Files</Filter>
    </ClInclude>
    <ClInclude Include="..\..\gmm_manage_bots.h">
      <Filter>Header Files</Filter>
    </ClInclude>
    <ClInclude Include="..\..\gmm_multiplayer.h">
      <Filter>Header Files</Filter>
    </ClInclude>
    <ClInclude Include="..\..\gmm_options.h">
      <Filter>Header Files</Filter>
    </ClInclude>
    <ClInclude Include="..\..\gmm_player_list.h">
      <Filter>Header Files</Filter>
    </ClInclude>
    <ClInclude Include="..\..\gmm_select_map.h">
      <Filter>Header Files</Filter>
    </ClInclude>
    <ClInclude Include="..\..\gmm_warning.h">
      <Filter>Header Files</Filter>
    </ClInclude>
    <ClInclude Include="..\..\gwcreateuser.h">
      <Filter>Header Files</Filter>
    </ClInclude>
    <ClInclude Include="..\..\gwfactory_list.h">
      <Filter>Header Files</Filter>
    </ClInclude>
    <ClInclude Include="..\..\gwlogin.h">
      <Filter>Header Files</Filter>
    </ClInclude>
    <ClInclude Include="..\..\gwproduction.h">
      <Filter>Header Files</Filter>
    </ClInclude>
    <ClInclude Include="..\..\main.h">
      <Filter>Header Files</Filter>
    </ClInclude>
    <ClInclude Include="..\..\oflag.h">
      <Filter>Header Files</Filter>
    </ClInclude>
    <ClInclude Include="..\..\ogrenades.h">
      <Filter>Header Files</Filter>
    </ClInclude>
    <ClInclude Include="..\..\ohut.h">
      <Filter>Header Files</Filter>
    </ClInclude>
    <ClInclude Include="..\..\omapobject.h">
      <Filter>Header Files</Filter>
    </ClInclude>
    <ClInclude Include="..\..\orock.h">
      <Filter>Header Files</Filter>
    </ClInclude>
    <ClInclude Include="..\..\orockets.h">
      <Filter>Header Files</Filter>
    </ClInclude>
    <ClInclude Include="..\..\rgrunt.h">
      <Filter>Header Files</Filter>
    </ClInclude>
    <ClInclude Include="..\..\rlaser.h">
      <Filter>Header Files</Filter>
    </ClInclude>
    <ClInclude Include="..\..\rpsycho.h">
      <Filter>Header Files</Filter>
    </ClInclude>
    <ClInclude Include="..\..\rpyro.h">
      <Filter>Header Files</Filter>
    </ClInclude>
    <ClInclude Include="..\..\rsniper.h">
      <Filter>Header Files</Filter>
    </ClInclude>
    <ClInclude Include="..\..\rtough.h">
      <Filter>Header Files</Filter>
    </ClInclude>
    <ClInclude Include="..\..\SDL_rotozoom.h">
      <Filter>Header Files</Filter>
    </ClInclude>
    <ClInclude Include="..\..\server_socket.h">
      <Filter>Header Files</Filter>
    </ClInclude>
    <ClInclude Include="..\..\socket_handler.h">
      <Filter>Header Files</Filter>
    </ClInclude>
    <ClInclude Include="..\..\vapc.h">
      <Filter>Header Files</Filter>
    </ClInclude>
    <ClInclude Include="..\..\vcrane.h">
      <Filter>Header Files</Filter>
    </ClInclude>
    <ClInclude Include="..\..\vheavy.h">
      <Filter>Header Files</Filter>
    </ClInclude>
    <ClInclude Include="..\..\vjeep.h">
      <Filter>Header Files</Filter>
    </ClInclude>
    <ClInclude Include="..\..\vlight.h">
      <Filter>Header Files</Filter>
    </ClInclude>
    <ClInclude Include="..\..\vmedium.h">
      <Filter>Header Files</Filter>
    </ClInclude>
    <ClInclude Include="..\..\vmissilelauncher.h">
      <Filter>Header Files</Filter>
    </ClInclude>
    <ClInclude Include="..\..\xgetopt.h">
      <Filter>Header Files</Filter>
    </ClInclude>
    <ClInclude Include="..\..\zbot.h">
      <Filter>Header Files</Filter>
    </ClInclude>
    <ClInclude Include="..\..\zbuilding.h">
      <Filter>Header Files</Filter>
    </ClInclude>
    <ClInclude Include="..\..\zbuildlist.h">
      <Filter>Header Files</Filter>
    </ClInclude>
    <ClInclude Include="..\..\zcannon.h">
      <Filter>Header Files</Filter>
    </ClInclude>
    <ClInclude Include="..\..\zclient.h">
      <Filter>Header Files</Filter>
    </ClInclude>
    <ClInclude Include="..\..\zcomp_message_engine.h">
      <Filter>Header Files</Filter>
    </ClInclude>
    <ClInclude Include="..\..\zcore.h">
      <Filter>Header Files</Filter>
    </ClInclude>
    <ClInclude Include="..\..\zdamagemissile.h">
      <Filter>Header Files</Filter>
    </ClInclude>
    <ClInclude Include="..\..\zeffect.h">
      <Filter>Header Files</Filter>
    </ClInclude>
    <ClInclude Include="..\..\zencrypt_aes.h">
      <Filter>Header Files</Filter>
    </ClInclude>
    <ClInclude Include="..\..\zfont.h">
      <Filter>Header Files</Filter>
    </ClInclude>
    <ClInclude Include="..\..\zfont_engine.h">
      <Filter>Header Files</Filter>
    </ClInclude>
    <ClInclude Include="..\..\zgfile.h">
      <Filter>Header Files</Filter>
    </ClInclude>
    <ClInclude Include="..\..\zgui_main_menu_base.h">
      <Filter>Header Files</Filter>
    </ClInclude>
    <ClInclude Include="..\..\zgui_main_menu_widgets.h">
      <Filter>Header Files</Filter>
    </ClInclude>
    <ClInclude Include="..\..\zgui_window.h">
      <Filter>Header Files</Filter>
    </ClInclude>
    <ClInclude Include="..\..\zhud.h">
      <Filter>Header Files</Filter>
    </ClInclude>
    <ClInclude Include="..\..\zmap.h">
      <Filter>Header Files</Filter>
    </ClInclude>
    <ClInclude Include="..\..\zmap_crater_graphics.h">
      <Filter>Header Files</Filter>
    </ClInclude>
    <ClInclude Include="..\..\zmini_map.h">
      <Filter>Header Files</Filter>
    </ClInclude>
    <ClInclude Include="..\..\zmusic_engine.h">
      <Filter>Header Files</Filter>
    </ClInclude>
    <ClInclude Include="..\..\zmysql.h">
      <Filter>Header Files</Filter>
    </ClInclude>
    <ClInclude Include="..\..\zobject.h">
      <Filter>Header Files</Filter>
    </ClInclude>
    <ClInclude Include="..\..\zod_engine_private.h">
      <Filter>Header Files</Filter>
    </ClInclude>
    <ClInclude Include="..\..\zolists.h">
      <Filter>Header Files</Filter>
    </ClInclude>
    <ClInclude Include="..\..\zpath_finding.h">
      <Filter>Header Files</Filter>
    </ClInclude>
    <ClInclude Include="..\..\zpath_finding_astar.h">
      <Filter>Header Files</Filter>
    </ClInclude>
    <ClInclude Include="..\..\zplayer.h">
      <Filter>Header Files</Filter>
    </ClInclude>
    <ClInclude Include="..\..\zportrait.h">
      <Filter>Header Files</Filter>
    </ClInclude>
    <ClInclude Include="..\..\zpsettings.h">
      <Filter>Header Files</Filter>
    </ClInclude>
    <ClInclude Include="..\..\zrobot.h">
      <Filter>Header Files</Filter>
    </ClInclude>
    <ClInclude Include="..\..\zsdl.h">
      <Filter>Header Files</Filter>
    </ClInclude>
    <ClInclude Include="..\..\zsdl_opengl.h">
      <Filter>Header Files</Filter>
    </ClInclude>
    <ClInclude Include="..\..\zserver.h">
      <Filter>Header Files</Filter>
    </ClInclude>
    <ClInclude Include="..\..\zsettings.h">
      <Filter>Header Files</Filter>
    </ClInclude>
    <ClInclude Include="..\..\zsound_engine.h">
      <Filter>Header Files</Filter>
    </ClInclude>
    <ClInclude Include="..\..\zteam.h">
      <Filter>Header Files</Filter>
    </ClInclude>
    <ClInclude Include="..\..\ztime.h">
      <Filter>Header Files</Filter>
    </ClInclude>
    <ClInclude Include="..\..\ztray.h">
      <Filter>Header Files</Filter>
    </ClInclude>
    <ClInclude Include="..\..\zunitrating.h">
      <Filter>Header Files</Filter>
    </ClInclude>
    <ClInclude Include="..\..\zvehicle.h">
      <Filter>Header Files</Filter>
    </ClInclude>
    <ClInclude Include="resource.h">
      <Filter>Header Files</Filter>
    </ClInclude>
    <ClInclude Include="..\..\zgun_placement_heatmap.h">
      <Filter>Header Files</Filter>
    </ClInclude>
  </ItemGroup>
  <ItemGroup>
    <ClCompile Include="..\..\zvote.cpp">
      <Filter>Source Files</Filter>
    </ClCompile>
    <ClCompile Include="..\..\abird.cpp">
      <Filter>Source Files</Filter>
    </ClCompile>
    <ClCompile Include="..\..\ahutanimal.cpp">
      <Filter>Source Files</Filter>
    </ClCompile>
    <ClCompile Include="..\..\bbridge.cpp">
      <Filter>Source Files</Filter>
    </ClCompile>
    <ClCompile Include="..\..\bfort.cpp">
      <Filter>Source Files</Filter>
    </ClCompile>
    <ClCompile Include="..\..\bradar.cpp">
      <Filter>Source Files</Filter>
    </ClCompile>
    <ClCompile Include="..\..\brepair.cpp">
      <Filter>Source Files</Filter>
    </ClCompile>
    <ClCompile Include="..\..\brobot.cpp">
      <Filter>Source Files</Filter>
    </ClCompile>
    <ClCompile Include="..\..\bvehicle.cpp">
      <Filter>Source Files</Filter>
    </ClCompile>
    <ClCompile Include="..\..\cgatling.cpp">
      <Filter>Source Files</Filter>
    </ClCompile>
    <ClCompile Include="..\..\cgun.cpp">
      <Filter>Source Files</Filter>
    </ClCompile>
    <ClCompile Include="..\..\chowitzer.cpp">
      <Filter>Source Files</Filter>
    </ClCompile>
    <ClCompile Include="..\..\client_socket.cpp">
      <Filter>Source Files</Filter>
    </ClCompile>
    <ClCompile Include="..\..\cmissilecannon.cpp">
      <Filter>Source Files</Filter>
    </ClCompile>
    <ClCompile Include="..\..\common.cpp">
      <Filter>Source Files</Filter>
    </ClCompile>
    <ClCompile Include="..\..\cursor.cpp">
      <Filter>Source Files</Filter>
    </ClCompile>
    <ClCompile Include="..\..\ebridgeturrent.cpp">
      <Filter>Source Files</Filter>
    </ClCompile>
    <ClCompile Include="..\..\ebullet.cpp">
      <Filter>Source Files</Filter>
    </ClCompile>
    <ClCompile Include="..\..\ecannondeath.cpp">
      <Filter>Source Files</Filter>
    </ClCompile>
    <ClCompile Include="..\..\ecraneconco.cpp">
      <Filter>Source Files</Filter>
    </ClCompile>
    <ClCompile Include="..\..\edeath.cpp">
      <Filter>Source Files</Filter>
    </ClCompile>
    <ClCompile Include="..\..\edeathsparks.cpp">
      <Filter>Source Files</Filter>
    </ClCompile>
    <ClCompile Include="..\..\eflame.cpp">
      <Filter>Source Files</Filter>
    </ClCompile>
    <ClCompile Include="..\..\elaser.cpp">
      <Filter>Source Files</Filter>
    </ClCompile>
    <ClCompile Include="..\..\elightinitfire.cpp">
      <Filter>Source Files</Filter>
    </ClCompile>
    <ClCompile Include="..\..\elightrocket.cpp">
      <Filter>Source Files</Filter>
    </ClCompile>
    <ClCompile Include="..\..\emapobjectturrent.cpp">
      <Filter>Source Files</Filter>
    </ClCompile>
    <ClCompile Include="..\..\emissilecrockets.cpp">
      <Filter>Source Files</Filter>
    </ClCompile>
    <ClCompile Include="..\..\emomissilerockets.cpp">
      <Filter>Source Files</Filter>
    </ClCompile>
    <ClCompile Include="..\..\epyrofire.cpp">
      <Filter>Source Files</Filter>
    </ClCompile>
    <ClCompile Include="..\..\erobotdeath.cpp">
      <Filter>Source Files</Filter>
    </ClCompile>
    <ClCompile Include="..\..\erobotturrent.cpp">
      <Filter>Source Files</Filter>
    </ClCompile>
    <ClCompile Include="..\..\erockparticle.cpp">
      <Filter>Source Files</Filter>
    </ClCompile>
    <ClCompile Include="..\..\erockturrent.cpp">
      <Filter>Source Files</Filter>
    </ClCompile>
    <ClCompile Include="..\..\esideexplosion.cpp">
      <Filter>Source Files</Filter>
    </ClCompile>
    <ClCompile Include="..\..\estandard.cpp">
      <Filter>Source Files</Filter>
    </ClCompile>
    <ClCompile Include="..\..\etankdirt.cpp">
      <Filter>Source Files</Filter>
    </ClCompile>
    <ClCompile Include="..\..\etankoil.cpp">
      <Filter>Source Files</Filter>
    </ClCompile>
    <ClCompile Include="..\..\etanksmoke.cpp">
      <Filter>Source Files</Filter>
    </ClCompile>
    <ClCompile Include="..\..\etankspark.cpp">
      <Filter>Source Files</Filter>
    </ClCompile>
    <ClCompile Include="..\..\etoughmushroom.cpp">
      <Filter>Source Files</Filter>
    </ClCompile>
    <ClCompile Include="..\..\etoughrocket.cpp">
      <Filter>Source Files</Filter>
    </ClCompile>
    <ClCompile Include="..\..\etoughsmoke.cpp">
      <Filter>Source Files</Filter>
    </ClCompile>
    <ClCompile Include="..\..\etrack.cpp">
      <Filter>Source Files</Filter>
    </ClCompile>
    <ClCompile Include="..\..\eturrentmissile.cpp">
      <Filter>Source Files</Filter>
    </ClCompile>
    <ClCompile Include="..\..\eunitparticle.cpp">
      <Filter>Source Files</Filter>
    </ClCompile>
    <ClCompile Include="..\..\event_handler.cpp">
      <Filter>Source Files</Filter>
    </ClCompile>
    <ClCompile Include="..\..\gmm_change_teams.cpp">
      <Filter>Source Files</Filter>
    </ClCompile>
    <ClCompile Include="..\..\gmm_main_menu.cpp">
      <Filter>Source Files</Filter>
    </ClCompile>
    <ClCompile Include="..\..\gmm_manage_bots.cpp">
      <Filter>Source Files</Filter>
    </ClCompile>
    <ClCompile Include="..\..\gmm_multiplayer.cpp">
      <Filter>Source Files</Filter>
    </ClCompile>
    <ClCompile Include="..\..\gmm_options.cpp">
      <Filter>Source Files</Filter>
    </ClCompile>
    <ClCompile Include="..\..\gmm_player_list.cpp">
      <Filter>Source Files</Filter>
    </ClCompile>
    <ClCompile Include="..\..\gmm_select_map.cpp">
      <Filter>Source Files</Filter>
    </ClCompile>
    <ClCompile Include="..\..\gmm_warning.cpp">
      <Filter>Source Files</Filter>
    </ClCompile>
    <ClCompile Include="..\..\gmmw_button.cpp">
      <Filter>Source Files</Filter>
    </ClCompile>
    <ClCompile Include="..\..\gmmw_label.cpp">
      <Filter>Source Files</Filter>
    </ClCompile>
    <ClCompile Include="..\..\gmmw_list.cpp">
      <Filter>Source Files</Filter>
    </ClCompile>
    <ClCompile Include="..\..\gmmw_radio.cpp">
      <Filter>Source Files</Filter>
    </ClCompile>
    <ClCompile Include="..\..\gmmw_team_color.cpp">
      <Filter>Source Files</Filter>
    </ClCompile>
    <ClCompile Include="..\..\gmmw_textbox.cpp">
      <Filter>Source Files</Filter>
    </ClCompile>
    <ClCompile Include="..\..\gwcreateuser.cpp">
      <Filter>Source Files</Filter>
    </ClCompile>
    <ClCompile Include="..\..\gwfactory_list.cpp">
      <Filter>Source Files</Filter>
    </ClCompile>
    <ClCompile Include="..\..\gwlogin.cpp">
      <Filter>Source Files</Filter>
    </ClCompile>
    <ClCompile Include="..\..\gwproduction.cpp">
      <Filter>Source Files</Filter>
    </ClCompile>
    <ClCompile Include="..\..\gwproduction_fus.cpp">
      <Filter>Source Files</Filter>
    </ClCompile>
    <ClCompile Include="..\..\gwproduction_us.cpp">
      <Filter>Source Files</Filter>
    </ClCompile>
    <ClCompile Include="..\..\main.cpp">
      <Filter>Source Files</Filter>
    </ClCompile>
    <ClCompile Include="..\..\oflag.cpp">
      <Filter>Source Files</Filter>
    </ClCompile>
    <ClCompile Include="..\..\ogrenades.cpp">
      <Filter>Source Files</Filter>
    </ClCompile>
    <ClCompile Include="..\..\ohut.cpp">
      <Filter>Source Files</Filter>
    </ClCompile>
    <ClCompile Include="..\..\omapobject.cpp">
      <Filter>Source Files</Filter>
    </ClCompile>
    <ClCompile Include="..\..\orock.cpp">
      <Filter>Source Files</Filter>
    </ClCompile>
    <ClCompile Include="..\..\orockets.cpp">
      <Filter>Source Files</Filter>
    </ClCompile>
    <ClCompile Include="..\..\rgrunt.cpp">
      <Filter>Source Files</Filter>
    </ClCompile>
    <ClCompile Include="..\..\rlaser.cpp">
      <Filter>Source Files</Filter>
    </ClCompile>
    <ClCompile Include="..\..\rpsycho.cpp">
      <Filter>Source Files</Filter>
    </ClCompile>
    <ClCompile Include="..\..\rpyro.cpp">
      <Filter>Source Files</Filter>
    </ClCompile>
    <ClCompile Include="..\..\rsniper.cpp">
      <Filter>Source Files</Filter>
    </ClCompile>
    <ClCompile Include="..\..\rtough.cpp">
      <Filter>Source Files</Filter>
    </ClCompile>
    <ClCompile Include="..\..\SDL_rotozoom.cpp">
      <Filter>Source Files</Filter>
    </ClCompile>
    <ClCompile Include="..\..\server_socket.cpp">
      <Filter>Source Files</Filter>
    </ClCompile>
    <ClCompile Include="..\..\socket_handler.cpp">
      <Filter>Source Files</Filter>
    </ClCompile>
    <ClCompile Include="..\..\vapc.cpp">
      <Filter>Source Files</Filter>
    </ClCompile>
    <ClCompile Include="..\..\vcrane.cpp">
      <Filter>Source Files</Filter>
    </ClCompile>
    <ClCompile Include="..\..\vheavy.cpp">
      <Filter>Source Files</Filter>
    </ClCompile>
    <ClCompile Include="..\..\vjeep.cpp">
      <Filter>Source Files</Filter>
    </ClCompile>
    <ClCompile Include="..\..\vlight.cpp">
      <Filter>Source Files</Filter>
    </ClCompile>
    <ClCompile Include="..\..\vmedium.cpp">
      <Filter>Source Files</Filter>
    </ClCompile>
    <ClCompile Include="..\..\vmissilelauncher.cpp">
      <Filter>Source Files</Filter>
    </ClCompile>
    <ClCompile Include="..\..\zbot.cpp">
      <Filter>Source Files</Filter>
    </ClCompile>
    <ClCompile Include="..\..\zbot_events.cpp">
      <Filter>Source Files</Filter>
    </ClCompile>
    <ClCompile Include="..\..\zbuilding.cpp">
      <Filter>Source Files</Filter>
    </ClCompile>
    <ClCompile Include="..\..\zbuildlist.cpp">
      <Filter>Source Files</Filter>
    </ClCompile>
    <ClCompile Include="..\..\zcannon.cpp">
      <Filter>Source Files</Filter>
    </ClCompile>
    <ClCompile Include="..\..\zclient.cpp">
      <Filter>Source Files</Filter>
    </ClCompile>
    <ClCompile Include="..\..\zcomp_message_engine.cpp">
      <Filter>Source Files</Filter>
    </ClCompile>
    <ClCompile Include="..\..\zcore.cpp">
      <Filter>Source Files</Filter>
    </ClCompile>
    <ClCompile Include="..\..\zeffect.cpp">
      <Filter>Source Files</Filter>
    </ClCompile>
    <ClCompile Include="..\..\zencrypt_aes.cpp">
      <Filter>Source Files</Filter>
    </ClCompile>
    <ClCompile Include="..\..\zfont.cpp">
      <Filter>Source Files</Filter>
    </ClCompile>
    <ClCompile Include="..\..\zfont_engine.cpp">
      <Filter>Source Files</Filter>
    </ClCompile>
    <ClCompile Include="..\..\zgfile.cpp">
      <Filter>Source Files</Filter>
    </ClCompile>
    <ClCompile Include="..\..\zgui_main_menu_base.cpp">
      <Filter>Source Files</Filter>
    </ClCompile>
    <ClCompile Include="..\..\zgui_main_menu_widget.cpp">
      <Filter>Source Files</Filter>
    </ClCompile>
    <ClCompile Include="..\..\zgui_window.cpp">
      <Filter>Source Files</Filter>
    </ClCompile>
    <ClCompile Include="..\..\zhud.cpp">
      <Filter>Source Files</Filter>
    </ClCompile>
    <ClCompile Include="..\..\zmap.cpp">
      <Filter>Source Files</Filter>
    </ClCompile>
    <ClCompile Include="..\..\zmap_crater_graphics.cpp">
      <Filter>Source Files</Filter>
    </ClCompile>
    <ClCompile Include="..\..\zmini_map.cpp">
      <Filter>Source Files</Filter>
    </ClCompile>
    <ClCompile Include="..\..\zmusic_engine.cpp">
      <Filter>Source Files</Filter>
    </ClCompile>
    <ClCompile Include="..\..\zmysql.cpp">
      <Filter>Source Files</Filter>
    </ClCompile>
    <ClCompile Include="..\..\zobject.cpp">
      <Filter>Source Files</Filter>
    </ClCompile>
    <ClCompile Include="..\..\zolists.cpp">
      <Filter>Source Files</Filter>
    </ClCompile>
    <ClCompile Include="..\..\zpath_finding.cpp">
      <Filter>Source Files</Filter>
    </ClCompile>
    <ClCompile Include="..\..\zpath_finding_astar.cpp">
      <Filter>Source Files</Filter>
    </ClCompile>
    <ClCompile Include="..\..\zplayer.cpp">
      <Filter>Source Files</Filter>
    </ClCompile>
    <ClCompile Include="..\..\zplayer_events.cpp">
      <Filter>Source Files</Filter>
    </ClCompile>
    <ClCompile Include="..\..\zportrait.cpp">
      <Filter>Source Files</Filter>
    </ClCompile>
    <ClCompile Include="..\..\zpsettings.cpp">
      <Filter>Source Files</Filter>
    </ClCompile>
    <ClCompile Include="..\..\zrobot.cpp">
      <Filter>Source Files</Filter>
    </ClCompile>
    <ClCompile Include="..\..\zsdl.cpp">
      <Filter>Source Files</Filter>
    </ClCompile>
    <ClCompile Include="..\..\zsdl_opengl.cpp">
      <Filter>Source Files</Filter>
    </ClCompile>
    <ClCompile Include="..\..\zserver.cpp">
      <Filter>Source Files</Filter>
    </ClCompile>
    <ClCompile Include="..\..\zserver_commands.cpp">
      <Filter>Source Files</Filter>
    </ClCompile>
    <ClCompile Include="..\..\zserver_events.cpp">
      <Filter>Source Files</Filter>
    </ClCompile>
    <ClCompile Include="..\..\zsettings.cpp">
      <Filter>Source Files</Filter>
    </ClCompile>
    <ClCompile Include="..\..\zsound_engine.cpp">
      <Filter>Source Files</Filter>
    </ClCompile>
    <ClCompile Include="..\..\zteam.cpp">
      <Filter>Source Files</Filter>
    </ClCompile>
    <ClCompile Include="..\..\ztime.cpp">
      <Filter>Source Files</Filter>
    </ClCompile>
    <ClCompile Include="..\..\ztray.cpp">
      <Filter>Source Files</Filter>
    </ClCompile>
    <ClCompile Include="..\..\zunitrating.cpp">
      <Filter>Source Files</Filter>
    </ClCompile>
    <ClCompile Include="..\..\zvehicle.cpp">
      <Filter>Source Files</Filter>
    </ClCompile>
    <ClCompile Include="..\..\zgun_placement_heatmap.cpp">
      <Filter>Source Files</Filter>
    </ClCompile>
  </ItemGroup>
  <ItemGroup>
    <ResourceCompile Include="zod_engine.rc">
      <Filter>Resource Files</Filter>
    </ResourceCompile>
  </ItemGroup>
  <ItemGroup>
    <None Include="icon1.ico">
      <Filter>Resource Files</Filter>
    </None>
  </ItemGroup>
</Project>